github.com/davecgh/go-spew v1.1.1 h1:vj9j/u1bqnvCEfJOwUhtlOARqs3+rkHYY13jYWTU97c=
github.com/digitalhouse-tech/go-lib-kit v0.1.6 h1:z53mf1sFWbTbgULTVEnRfOq31W5o3escXWjsrkP9K4I=
github.com/digitalhouse-tech/go-lib-kit v0.1.6/go.mod h1:CqolQOwNHOl/AFmFOf7vg0mHOIKzNYxUSx6gKbwJYf0=
github.com/google/uuid v1.3.0 h1:t6JiXgmwXMjEs8VusXIJk2BXHsn+wx8BZdTaoZ5fu7I=
github.com/google/uuid v1.3.0/go.mod h1:TIyPZe4MgqvfeYDBFedMoGGpEw/LqOeaOT+nhxU+yHo=
github.com/joho/godotenv v1.5.1 h1:7eLL/+HRGLY0ldzfGMeQkb7vMd0as4CfYvUVzLqw0N0=
github.com/joho/godotenv v1.5.1/go.mod h1:f4LDr5Voq0i2e/R5DDNOoa2zzDfwtkZa6DnEwAbqwq4=
github.com/ncostamagna/matrix v1.0.1 h1:qYjMEcnf5tQ3huVxczQKUd8VSA2FBLIJKSrOqxuK3GI=
github.com/ncostamagna/matrix v1.0.1/go.mod h1:yGDX+TzSVCGVfAriQiacD90ZhN1fopfTXjYSZYxk+54=
github.com/pmezard/go-difflib v1.0.0 h1:4DBwDE0NGyQoBHbLQYPwSUPoCMWR5BEzIk/f1lZbAQM=
github.com/stretchr/testify v1.7.0 h1:nwc3DEeHmmLAfoZucVR881uASk0Mfjw8xYJ99tb5CcY=
gopkg.in/yaml.v3 v3.0.0-20200313102051-9f266ea9e77c h1:dUUwHk2QECo/6vqA44rthZ8ie2QXMNeKRTHCNY2nXvo=
